// !$*UTF8*$!
{
	archiveVersion = 1;
	classes = {
	};
	objectVersion = 56;
	objects = {

/* Begin PBXBuildFile section */
		1D32F4532B289D3000BD9D9C /* Challenge2View.swift in Sources */ = {isa = PBXBuildFile; fileRef = 1D32F4522B289D3000BD9D9C /* Challenge2View.swift */; };
		1D48A7AE2B31C407007FE6A7 /* Challenge4View.swift in Sources */ = {isa = PBXBuildFile; fileRef = 1D48A7AD2B31C407007FE6A7 /* Challenge4View.swift */; };
		1D48A7E82B38F90D007FE6A7 /* Challenge5View.swift in Sources */ = {isa = PBXBuildFile; fileRef = 1D48A7E72B38F90D007FE6A7 /* Challenge5View.swift */; };
		1D804F132B29F790004C6529 /* Challenge3View.swift in Sources */ = {isa = PBXBuildFile; fileRef = 1D804F122B29F790004C6529 /* Challenge3View.swift */; };
		1D8F384D2B256A3D003B99E7 /* SwiftChallengeApp.swift in Sources */ = {isa = PBXBuildFile; fileRef = 1D8F384C2B256A3D003B99E7 /* SwiftChallengeApp.swift */; };
		1D8F384F2B256A3D003B99E7 /* Challenge1View.swift in Sources */ = {isa = PBXBuildFile; fileRef = 1D8F384E2B256A3D003B99E7 /* Challenge1View.swift */; };
		1D8F38512B256A3F003B99E7 /* Assets.xcassets in Resources */ = {isa = PBXBuildFile; fileRef = 1D8F38502B256A3F003B99E7 /* Assets.xcassets */; };
		1D8F38542B256A3F003B99E7 /* Preview Assets.xcassets in Resources */ = {isa = PBXBuildFile; fileRef = 1D8F38532B256A3F003B99E7 /* Preview Assets.xcassets */; };
		1D8F385E2B256A3F003B99E7 /* SwiftChallengeTests.swift in Sources */ = {isa = PBXBuildFile; fileRef = 1D8F385D2B256A3F003B99E7 /* SwiftChallengeTests.swift */; };
		1D8F38682B256A3F003B99E7 /* SwiftChallengeUITests.swift in Sources */ = {isa = PBXBuildFile; fileRef = 1D8F38672B256A3F003B99E7 /* SwiftChallengeUITests.swift */; };
		1D8F386A2B256A3F003B99E7 /* SwiftChallengeUITestsLaunchTests.swift in Sources */ = {isa = PBXBuildFile; fileRef = 1D8F38692B256A3F003B99E7 /* SwiftChallengeUITestsLaunchTests.swift */; };
/* End PBXBuildFile section */

/* Begin PBXContainerItemProxy section */
		1D8F385A2B256A3F003B99E7 /* PBXContainerItemProxy */ = {
			isa = PBXContainerItemProxy;
			containerPortal = 1D8F38412B256A3C003B99E7 /* Project object */;
			proxyType = 1;
			remoteGlobalIDString = 1D8F38482B256A3D003B99E7;
			remoteInfo = SwiftChallenge1;
		};
		1D8F38642B256A3F003B99E7 /* PBXContainerItemProxy */ = {
			isa = PBXContainerItemProxy;
			containerPortal = 1D8F38412B256A3C003B99E7 /* Project object */;
			proxyType = 1;
			remoteGlobalIDString = 1D8F38482B256A3D003B99E7;
			remoteInfo = SwiftChallenge1;
		};
/* End PBXContainerItemProxy section */

/* Begin PBXFileReference section */
		1D32F4522B289D3000BD9D9C /* Challenge2View.swift */ = {isa = PBXFileReference; lastKnownFileType = sourcecode.swift; path = Challenge2View.swift; sourceTree = "<group>"; };
		1D48A7AD2B31C407007FE6A7 /* Challenge4View.swift */ = {isa = PBXFileReference; lastKnownFileType = sourcecode.swift; path = Challenge4View.swift; sourceTree = "<group>"; };
		1D48A7E72B38F90D007FE6A7 /* Challenge5View.swift */ = {isa = PBXFileReference; lastKnownFileType = sourcecode.swift; path = Challenge5View.swift; sourceTree = "<group>"; };
		1D804F122B29F790004C6529 /* Challenge3View.swift */ = {isa = PBXFileReference; lastKnownFileType = sourcecode.swift; path = Challenge3View.swift; sourceTree = "<group>"; };
		1D8F38492B256A3D003B99E7 /* SwiftChallenge.app */ = {isa = PBXFileReference; explicitFileType = wrapper.application; includeInIndex = 0; path = SwiftChallenge.app; sourceTree = BUILT_PRODUCTS_DIR; };
		1D8F384C2B256A3D003B99E7 /* SwiftChallengeApp.swift */ = {isa = PBXFileReference; lastKnownFileType = sourcecode.swift; path = SwiftChallengeApp.swift; sourceTree = "<group>"; };
		1D8F384E2B256A3D003B99E7 /* Challenge1View.swift */ = {isa = PBXFileReference; lastKnownFileType = sourcecode.swift; path = Challenge1View.swift; sourceTree = "<group>"; };
		1D8F38502B256A3F003B99E7 /* Assets.xcassets */ = {isa = PBXFileReference; lastKnownFileType = folder.assetcatalog; path = Assets.xcassets; sourceTree = "<group>"; };
		1D8F38532B256A3F003B99E7 /* Preview Assets.xcassets */ = {isa = PBXFileReference; lastKnownFileType = folder.assetcatalog; path = "Preview Assets.xcassets"; sourceTree = "<group>"; };
		1D8F38592B256A3F003B99E7 /* SwiftChallengeTests.xctest */ = {isa = PBXFileReference; explicitFileType = wrapper.cfbundle; includeInIndex = 0; path = SwiftChallengeTests.xctest; sourceTree = BUILT_PRODUCTS_DIR; };
		1D8F385D2B256A3F003B99E7 /* SwiftChallengeTests.swift */ = {isa = PBXFileReference; lastKnownFileType = sourcecode.swift; path = SwiftChallengeTests.swift; sourceTree = "<group>"; };
		1D8F38632B256A3F003B99E7 /* SwiftChallengeUITests.xctest */ = {isa = PBXFileReference; explicitFileType = wrapper.cfbundle; includeInIndex = 0; path = SwiftChallengeUITests.xctest; sourceTree = BUILT_PRODUCTS_DIR; };
		1D8F38672B256A3F003B99E7 /* SwiftChallengeUITests.swift */ = {isa = PBXFileReference; lastKnownFileType = sourcecode.swift; path = SwiftChallengeUITests.swift; sourceTree = "<group>"; };
		1D8F38692B256A3F003B99E7 /* SwiftChallengeUITestsLaunchTests.swift */ = {isa = PBXFileReference; lastKnownFileType = sourcecode.swift; path = SwiftChallengeUITestsLaunchTests.swift; sourceTree = "<group>"; };
/* End PBXFileReference section */

/* Begin PBXFrameworksBuildPhase section */
		1D8F38462B256A3D003B99E7 /* Frameworks */ = {
			isa = PBXFrameworksBuildPhase;
			buildActionMask = 2147483647;
			files = (
			);
			runOnlyForDeploymentPostprocessing = 0;
		};
		1D8F38562B256A3F003B99E7 /* Frameworks */ = {
			isa = PBXFrameworksBuildPhase;
			buildActionMask = 2147483647;
			files = (
			);
			runOnlyForDeploymentPostprocessing = 0;
		};
		1D8F38602B256A3F003B99E7 /* Frameworks */ = {
			isa = PBXFrameworksBuildPhase;
			buildActionMask = 2147483647;
			files = (
			);
			runOnlyForDeploymentPostprocessing = 0;
		};
/* End PBXFrameworksBuildPhase section */

/* Begin PBXGroup section */
		1D8F38402B256A3C003B99E7 = {
			isa = PBXGroup;
			children = (
				1D8F384B2B256A3D003B99E7 /* SwiftChallenge */,
				1D8F385C2B256A3F003B99E7 /* SwiftChallengeTests */,
				1D8F38662B256A3F003B99E7 /* SwiftChallengeUITests */,
				1D8F384A2B256A3D003B99E7 /* Products */,
			);
			sourceTree = "<group>";
		};
		1D8F384A2B256A3D003B99E7 /* Products */ = {
			isa = PBXGroup;
			children = (
				1D8F38492B256A3D003B99E7 /* SwiftChallenge.app */,
				1D8F38592B256A3F003B99E7 /* SwiftChallengeTests.xctest */,
				1D8F38632B256A3F003B99E7 /* SwiftChallengeUITests.xctest */,
			);
			name = Products;
			sourceTree = "<group>";
		};
		1D8F384B2B256A3D003B99E7 /* SwiftChallenge */ = {
			isa = PBXGroup;
			children = (
				1D8F384C2B256A3D003B99E7 /* SwiftChallengeApp.swift */,
				1D8F384E2B256A3D003B99E7 /* Challenge1View.swift */,
				1D32F4522B289D3000BD9D9C /* Challenge2View.swift */,
				1D804F122B29F790004C6529 /* Challenge3View.swift */,
				1D48A7AD2B31C407007FE6A7 /* Challenge4View.swift */,
				1D48A7E72B38F90D007FE6A7 /* Challenge5View.swift */,
				1D8F38502B256A3F003B99E7 /* Assets.xcassets */,
				1D8F38522B256A3F003B99E7 /* Preview Content */,
			);
			path = SwiftChallenge;
			sourceTree = "<group>";
		};
		1D8F38522B256A3F003B99E7 /* Preview Content */ = {
			isa = PBXGroup;
			children = (
				1D8F38532B256A3F003B99E7 /* Preview Assets.xcassets */,
			);
			path = "Preview Content";
			sourceTree = "<group>";
		};
		1D8F385C2B256A3F003B99E7 /* SwiftChallengeTests */ = {
			isa = PBXGroup;
			children = (
				1D8F385D2B256A3F003B99E7 /* SwiftChallengeTests.swift */,
			);
			path = SwiftChallengeTests;
			sourceTree = "<group>";
		};
		1D8F38662B256A3F003B99E7 /* SwiftChallengeUITests */ = {
			isa = PBXGroup;
			children = (
				1D8F38672B256A3F003B99E7 /* SwiftChallengeUITests.swift */,
				1D8F38692B256A3F003B99E7 /* SwiftChallengeUITestsLaunchTests.swift */,
			);
			path = SwiftChallengeUITests;
			sourceTree = "<group>";
		};
/* End PBXGroup section */

/* Begin PBXNativeTarget section */
		1D8F38482B256A3D003B99E7 /* SwiftChallenge */ = {
			isa = PBXNativeTarget;
			buildConfigurationList = 1D8F386D2B256A3F003B99E7 /* Build configuration list for PBXNativeTarget "SwiftChallenge" */;
			buildPhases = (
				1D8F38452B256A3D003B99E7 /* Sources */,
				1D8F38462B256A3D003B99E7 /* Frameworks */,
				1D8F38472B256A3D003B99E7 /* Resources */,
			);
			buildRules = (
			);
			dependencies = (
			);
			name = SwiftChallenge;
			productName = SwiftChallenge1;
			productReference = 1D8F38492B256A3D003B99E7 /* SwiftChallenge.app */;
			productType = "com.apple.product-type.application";
		};
		1D8F38582B256A3F003B99E7 /* SwiftChallengeTests */ = {
			isa = PBXNativeTarget;
			buildConfigurationList = 1D8F38702B256A3F003B99E7 /* Build configuration list for PBXNativeTarget "SwiftChallengeTests" */;
			buildPhases = (
				1D8F38552B256A3F003B99E7 /* Sources */,
				1D8F38562B256A3F003B99E7 /* Frameworks */,
				1D8F38572B256A3F003B99E7 /* Resources */,
			);
			buildRules = (
			);
			dependencies = (
				1D8F385B2B256A3F003B99E7 /* PBXTargetDependency */,
			);
			name = SwiftChallengeTests;
			productName = SwiftChallenge1Tests;
			productReference = 1D8F38592B256A3F003B99E7 /* SwiftChallengeTests.xctest */;
			productType = "com.apple.product-type.bundle.unit-test";
		};
		1D8F38622B256A3F003B99E7 /* SwiftChallengeUITests */ = {
			isa = PBXNativeTarget;
			buildConfigurationList = 1D8F38732B256A3F003B99E7 /* Build configuration list for PBXNativeTarget "SwiftChallengeUITests" */;
			buildPhases = (
				1D8F385F2B256A3F003B99E7 /* Sources */,
				1D8F38602B256A3F003B99E7 /* Frameworks */,
				1D8F38612B256A3F003B99E7 /* Resources */,
			);
			buildRules = (
			);
			dependencies = (
				1D8F38652B256A3F003B99E7 /* PBXTargetDependency */,
			);
			name = SwiftChallengeUITests;
			productName = SwiftChallenge1UITests;
			productReference = 1D8F38632B256A3F003B99E7 /* SwiftChallengeUITests.xctest */;
			productType = "com.apple.product-type.bundle.ui-testing";
		};
/* End PBXNativeTarget section */

/* Begin PBXProject section */
		1D8F38412B256A3C003B99E7 /* Project object */ = {
			isa = PBXProject;
			attributes = {
				BuildIndependentTargetsInParallel = 1;
				LastSwiftUpdateCheck = 1500;
				LastUpgradeCheck = 1500;
				TargetAttributes = {
					1D8F38482B256A3D003B99E7 = {
						CreatedOnToolsVersion = 15.0.1;
					};
					1D8F38582B256A3F003B99E7 = {
						CreatedOnToolsVersion = 15.0.1;
						TestTargetID = 1D8F38482B256A3D003B99E7;
					};
					1D8F38622B256A3F003B99E7 = {
						CreatedOnToolsVersion = 15.0.1;
						TestTargetID = 1D8F38482B256A3D003B99E7;
					};
				};
			};
			buildConfigurationList = 1D8F38442B256A3C003B99E7 /* Build configuration list for PBXProject "SwiftChallenge" */;
			compatibilityVersion = "Xcode 14.0";
			developmentRegion = en;
			hasScannedForEncodings = 0;
			knownRegions = (
				en,
				Base,
			);
			mainGroup = 1D8F38402B256A3C003B99E7;
			productRefGroup = 1D8F384A2B256A3D003B99E7 /* Products */;
			projectDirPath = "";
			projectRoot = "";
			targets = (
				1D8F38482B256A3D003B99E7 /* SwiftChallenge */,
				1D8F38582B256A3F003B99E7 /* SwiftChallengeTests */,
				1D8F38622B256A3F003B99E7 /* SwiftChallengeUITests */,
			);
		};
/* End PBXProject section */

/* Begin PBXResourcesBuildPhase section */
		1D8F38472B256A3D003B99E7 /* Resources */ = {
			isa = PBXResourcesBuildPhase;
			buildActionMask = 2147483647;
			files = (
				1D8F38542B256A3F003B99E7 /* Preview Assets.xcassets in Resources */,
				1D8F38512B256A3F003B99E7 /* Assets.xcassets in Resources */,
			);
			runOnlyForDeploymentPostprocessing = 0;
		};
		1D8F38572B256A3F003B99E7 /* Resources */ = {
			isa = PBXResourcesBuildPhase;
			buildActionMask = 2147483647;
			files = (
			);
			runOnlyForDeploymentPostprocessing = 0;
		};
		1D8F38612B256A3F003B99E7 /* Resources */ = {
			isa = PBXResourcesBuildPhase;
			buildActionMask = 2147483647;
			files = (
			);
			runOnlyForDeploymentPostprocessing = 0;
		};
/* End PBXResourcesBuildPhase section */

/* Begin PBXSourcesBuildPhase section */
		1D8F38452B256A3D003B99E7 /* Sources */ = {
			isa = PBXSourcesBuildPhase;
			buildActionMask = 2147483647;
			files = (
				1D8F384F2B256A3D003B99E7 /* Challenge1View.swift in Sources */,
				1D804F132B29F790004C6529 /* Challenge3View.swift in Sources */,
				1D8F384D2B256A3D003B99E7 /* SwiftChallengeApp.swift in Sources */,
				1D32F4532B289D3000BD9D9C /* Challenge2View.swift in Sources */,
				1D48A7E82B38F90D007FE6A7 /* Challenge5View.swift in Sources */,
				1D48A7AE2B31C407007FE6A7 /* Challenge4View.swift in Sources */,
			);
			runOnlyForDeploymentPostprocessing = 0;
		};
		1D8F38552B256A3F003B99E7 /* Sources */ = {
			isa = PBXSourcesBuildPhase;
			buildActionMask = 2147483647;
			files = (
				1D8F385E2B256A3F003B99E7 /* SwiftChallengeTests.swift in Sources */,
			);
			runOnlyForDeploymentPostprocessing = 0;
		};
		1D8F385F2B256A3F003B99E7 /* Sources */ = {
			isa = PBXSourcesBuildPhase;
			buildActionMask = 2147483647;
			files = (
				1D8F386A2B256A3F003B99E7 /* SwiftChallengeUITestsLaunchTests.swift in Sources */,
				1D8F38682B256A3F003B99E7 /* SwiftChallengeUITests.swift in Sources */,
			);
			runOnlyForDeploymentPostprocessing = 0;
		};
/* End PBXSourcesBuildPhase section */

/* Begin PBXTargetDependency section */
		1D8F385B2B256A3F003B99E7 /* PBXTargetDependency */ = {
			isa = PBXTargetDependency;
			target = 1D8F38482B256A3D003B99E7 /* SwiftChallenge */;
			targetProxy = 1D8F385A2B256A3F003B99E7 /* PBXContainerItemProxy */;
		};
		1D8F38652B256A3F003B99E7 /* PBXTargetDependency */ = {
			isa = PBXTargetDependency;
			target = 1D8F38482B256A3D003B99E7 /* SwiftChallenge */;
			targetProxy = 1D8F38642B256A3F003B99E7 /* PBXContainerItemProxy */;
		};
/* End PBXTargetDependency section */

/* Begin XCBuildConfiguration section */
		1D8F386B2B256A3F003B99E7 /* Debug */ = {
			isa = XCBuildConfiguration;
			buildSettings = {
				ALWAYS_SEARCH_USER_PATHS = NO;
				ASSETCATALOG_COMPILER_GENERATE_SWIFT_ASSET_SYMBOL_EXTENSIONS = YES;
				CLANG_ANALYZER_NONNULL = YES;
				CLANG_ANALYZER_NUMBER_OBJECT_CONVERSION = YES_AGGRESSIVE;
				CLANG_CXX_LANGUAGE_STANDARD = "gnu++20";
				CLANG_ENABLE_MODULES = YES;
				CLANG_ENABLE_OBJC_ARC = YES;
				CLANG_ENABLE_OBJC_WEAK = YES;
				CLANG_WARN_BLOCK_CAPTURE_AUTORELEASING = YES;
				CLANG_WARN_BOOL_CONVERSION = YES;
				CLANG_WARN_COMMA = YES;
				CLANG_WARN_CONSTANT_CONVERSION = YES;
				CLANG_WARN_DEPRECATED_OBJC_IMPLEMENTATIONS = YES;
				CLANG_WARN_DIRECT_OBJC_ISA_USAGE = YES_ERROR;
				CLANG_WARN_DOCUMENTATION_COMMENTS = YES;
				CLANG_WARN_EMPTY_BODY = YES;
				CLANG_WARN_ENUM_CONVERSION = YES;
				CLANG_WARN_INFINITE_RECURSION = YES;
				CLANG_WARN_INT_CONVERSION = YES;
				CLANG_WARN_NON_LITERAL_NULL_CONVERSION = YES;
				CLANG_WARN_OBJC_IMPLICIT_RETAIN_SELF = YES;
				CLANG_WARN_OBJC_LITERAL_CONVERSION = YES;
				CLANG_WARN_OBJC_ROOT_CLASS = YES_ERROR;
				CLANG_WARN_QUOTED_INCLUDE_IN_FRAMEWORK_HEADER = YES;
				CLANG_WARN_RANGE_LOOP_ANALYSIS = YES;
				CLANG_WARN_STRICT_PROTOTYPES = YES;
				CLANG_WARN_SUSPICIOUS_MOVE = YES;
				CLANG_WARN_UNGUARDED_AVAILABILITY = YES_AGGRESSIVE;
				CLANG_WARN_UNREACHABLE_CODE = YES;
				CLANG_WARN__DUPLICATE_METHOD_MATCH = YES;
				COPY_PHASE_STRIP = NO;
				DEBUG_INFORMATION_FORMAT = dwarf;
				ENABLE_STRICT_OBJC_MSGSEND = YES;
				ENABLE_TESTABILITY = YES;
				ENABLE_USER_SCRIPT_SANDBOXING = YES;
				GCC_C_LANGUAGE_STANDARD = gnu17;
				GCC_DYNAMIC_NO_PIC = NO;
				GCC_NO_COMMON_BLOCKS = YES;
				GCC_OPTIMIZATION_LEVEL = 0;
				GCC_PREPROCESSOR_DEFINITIONS = (
					"DEBUG=1",
					"$(inherited)",
				);
				GCC_WARN_64_TO_32_BIT_CONVERSION = YES;
				GCC_WARN_ABOUT_RETURN_TYPE = YES_ERROR;
				GCC_WARN_UNDECLARED_SELECTOR = YES;
				GCC_WARN_UNINITIALIZED_AUTOS = YES_AGGRESSIVE;
				GCC_WARN_UNUSED_FUNCTION = YES;
				GCC_WARN_UNUSED_VARIABLE = YES;
				IPHONEOS_DEPLOYMENT_TARGET = 17.0;
				LOCALIZATION_PREFERS_STRING_CATALOGS = YES;
				MTL_ENABLE_DEBUG_INFO = INCLUDE_SOURCE;
				MTL_FAST_MATH = YES;
				ONLY_ACTIVE_ARCH = YES;
				SDKROOT = iphoneos;
				SWIFT_ACTIVE_COMPILATION_CONDITIONS = "DEBUG $(inherited)";
				SWIFT_OPTIMIZATION_LEVEL = "-Onone";
			};
			name = Debug;
		};
		1D8F386C2B256A3F003B99E7 /* Release */ = {
			isa = XCBuildConfiguration;
			buildSettings = {
				ALWAYS_SEARCH_USER_PATHS = NO;
				ASSETCATALOG_COMPILER_GENERATE_SWIFT_ASSET_SYMBOL_EXTENSIONS = YES;
				CLANG_ANALYZER_NONNULL = YES;
				CLANG_ANALYZER_NUMBER_OBJECT_CONVERSION = YES_AGGRESSIVE;
				CLANG_CXX_LANGUAGE_STANDARD = "gnu++20";
				CLANG_ENABLE_MODULES = YES;
				CLANG_ENABLE_OBJC_ARC = YES;
				CLANG_ENABLE_OBJC_WEAK = YES;
				CLANG_WARN_BLOCK_CAPTURE_AUTORELEASING = YES;
				CLANG_WARN_BOOL_CONVERSION = YES;
				CLANG_WARN_COMMA = YES;
				CLANG_WARN_CONSTANT_CONVERSION = YES;
				CLANG_WARN_DEPRECATED_OBJC_IMPLEMENTATIONS = YES;
				CLANG_WARN_DIRECT_OBJC_ISA_USAGE = YES_ERROR;
				CLANG_WARN_DOCUMENTATION_COMMENTS = YES;
				CLANG_WARN_EMPTY_BODY = YES;
				CLANG_WARN_ENUM_CONVERSION = YES;
				CLANG_WARN_INFINITE_RECURSION = YES;
				CLANG_WARN_INT_CONVERSION = YES;
				CLANG_WARN_NON_LITERAL_NULL_CONVERSION = YES;
				CLANG_WARN_OBJC_IMPLICIT_RETAIN_SELF = YES;
				CLANG_WARN_OBJC_LITERAL_CONVERSION = YES;
				CLANG_WARN_OBJC_ROOT_CLASS = YES_ERROR;
				CLANG_WARN_QUOTED_INCLUDE_IN_FRAMEWORK_HEADER = YES;
				CLANG_WARN_RANGE_LOOP_ANALYSIS = YES;
				CLANG_WARN_STRICT_PROTOTYPES = YES;
				CLANG_WARN_SUSPICIOUS_MOVE = YES;
				CLANG_WARN_UNGUARDED_AVAILABILITY = YES_AGGRESSIVE;
				CLANG_WARN_UNREACHABLE_CODE = YES;
				CLANG_WARN__DUPLICATE_METHOD_MATCH = YES;
				COPY_PHASE_STRIP = NO;
				DEBUG_INFORMATION_FORMAT = "dwarf-with-dsym";
				ENABLE_NS_ASSERTIONS = NO;
				ENABLE_STRICT_OBJC_MSGSEND = YES;
				ENABLE_USER_SCRIPT_SANDBOXING = YES;
				GCC_C_LANGUAGE_STANDARD = gnu17;
				GCC_NO_COMMON_BLOCKS = YES;
				GCC_WARN_64_TO_32_BIT_CONVERSION = YES;
				GCC_WARN_ABOUT_RETURN_TYPE = YES_ERROR;
				GCC_WARN_UNDECLARED_SELECTOR = YES;
				GCC_WARN_UNINITIALIZED_AUTOS = YES_AGGRESSIVE;
				GCC_WARN_UNUSED_FUNCTION = YES;
				GCC_WARN_UNUSED_VARIABLE = YES;
				IPHONEOS_DEPLOYMENT_TARGET = 17.0;
				LOCALIZATION_PREFERS_STRING_CATALOGS = YES;
				MTL_ENABLE_DEBUG_INFO = NO;
				MTL_FAST_MATH = YES;
				SDKROOT = iphoneos;
				SWIFT_COMPILATION_MODE = wholemodule;
				VALIDATE_PRODUCT = YES;
			};
			name = Release;
		};
		1D8F386E2B256A3F003B99E7 /* Debug */ = {
			isa = XCBuildConfiguration;
			buildSettings = {
				ASSETCATALOG_COMPILER_APPICON_NAME = AppIcon;
				ASSETCATALOG_COMPILER_GLOBAL_ACCENT_COLOR_NAME = AccentColor;
				CODE_SIGN_STYLE = Automatic;
				CURRENT_PROJECT_VERSION = 1;
				DEVELOPMENT_ASSET_PATHS = "\"SwiftChallenge/Preview Content\"";
				ENABLE_PREVIEWS = YES;
				GENERATE_INFOPLIST_FILE = YES;
				INFOPLIST_KEY_UIApplicationSceneManifest_Generation = YES;
				INFOPLIST_KEY_UIApplicationSupportsIndirectInputEvents = YES;
				INFOPLIST_KEY_UILaunchScreen_Generation = YES;
				INFOPLIST_KEY_UISupportedInterfaceOrientations_iPad = "UIInterfaceOrientationPortrait UIInterfaceOrientationPortraitUpsideDown UIInterfaceOrientationLandscapeLeft UIInterfaceOrientationLandscapeRight";
				INFOPLIST_KEY_UISupportedInterfaceOrientations_iPhone = "UIInterfaceOrientationPortrait UIInterfaceOrientationLandscapeLeft UIInterfaceOrientationLandscapeRight";
				LD_RUNPATH_SEARCH_PATHS = (
					"$(inherited)",
					"@executable_path/Frameworks",
				);
				MARKETING_VERSION = 1.0;
				PRODUCT_BUNDLE_IDENTIFIER = com.kakutagawa.SwiftChallenge;
				PRODUCT_NAME = "$(TARGET_NAME)";
				SWIFT_EMIT_LOC_STRINGS = YES;
				SWIFT_VERSION = 5.0;
				TARGETED_DEVICE_FAMILY = "1,2";
			};
			name = Debug;
		};
		1D8F386F2B256A3F003B99E7 /* Release */ = {
			isa = XCBuildConfiguration;
			buildSettings = {
				ASSETCATALOG_COMPILER_APPICON_NAME = AppIcon;
				ASSETCATALOG_COMPILER_GLOBAL_ACCENT_COLOR_NAME = AccentColor;
				CODE_SIGN_STYLE = Automatic;
				CURRENT_PROJECT_VERSION = 1;
				DEVELOPMENT_ASSET_PATHS = "\"SwiftChallenge/Preview Content\"";
				ENABLE_PREVIEWS = YES;
				GENERATE_INFOPLIST_FILE = YES;
				INFOPLIST_KEY_UIApplicationSceneManifest_Generation = YES;
				INFOPLIST_KEY_UIApplicationSupportsIndirectInputEvents = YES;
				INFOPLIST_KEY_UILaunchScreen_Generation = YES;
				INFOPLIST_KEY_UISupportedInterfaceOrientations_iPad = "UIInterfaceOrientationPortrait UIInterfaceOrientationPortraitUpsideDown UIInterfaceOrientationLandscapeLeft UIInterfaceOrientationLandscapeRight";
				INFOPLIST_KEY_UISupportedInterfaceOrientations_iPhone = "UIInterfaceOrientationPortrait UIInterfaceOrientationLandscapeLeft UIInterfaceOrientationLandscapeRight";
				LD_RUNPATH_SEARCH_PATHS = (
					"$(inherited)",
					"@executable_path/Frameworks",
				);
				MARKETING_VERSION = 1.0;
				PRODUCT_BUNDLE_IDENTIFIER = com.kakutagawa.SwiftChallenge;
				PRODUCT_NAME = "$(TARGET_NAME)";
				SWIFT_EMIT_LOC_STRINGS = YES;
				SWIFT_VERSION = 5.0;
				TARGETED_DEVICE_FAMILY = "1,2";
			};
			name = Release;
		};
		1D8F38712B256A3F003B99E7 /* Debug */ = {
			isa = XCBuildConfiguration;
			buildSettings = {
				ALWAYS_EMBED_SWIFT_STANDARD_LIBRARIES = YES;
				BUNDLE_LOADER = "$(TEST_HOST)";
				CODE_SIGN_STYLE = Automatic;
				CURRENT_PROJECT_VERSION = 1;
				GENERATE_INFOPLIST_FILE = YES;
				IPHONEOS_DEPLOYMENT_TARGET = 17.0;
				MARKETING_VERSION = 1.0;
				PRODUCT_BUNDLE_IDENTIFIER = com.kakutagawa.SwiftChallenge1Tests;
				PRODUCT_NAME = "$(TARGET_NAME)";
				SWIFT_EMIT_LOC_STRINGS = NO;
				SWIFT_VERSION = 5.0;
				TARGETED_DEVICE_FAMILY = "1,2";
				TEST_HOST = "$(BUILT_PRODUCTS_DIR)/SwiftChallenge.app/$(BUNDLE_EXECUTABLE_FOLDER_PATH)/SwiftChallenge";
			};
			name = Debug;
		};
		1D8F38722B256A3F003B99E7 /* Release */ = {
			isa = XCBuildConfiguration;
			buildSettings = {
				ALWAYS_EMBED_SWIFT_STANDARD_LIBRARIES = YES;
				BUNDLE_LOADER = "$(TEST_HOST)";
				CODE_SIGN_STYLE = Automatic;
				CURRENT_PROJECT_VERSION = 1;
				GENERATE_INFOPLIST_FILE = YES;
				IPHONEOS_DEPLOYMENT_TARGET = 17.0;
				MARKETING_VERSION = 1.0;
				PRODUCT_BUNDLE_IDENTIFIER = com.kakutagawa.SwiftChallenge1Tests;
				PRODUCT_NAME = "$(TARGET_NAME)";
				SWIFT_EMIT_LOC_STRINGS = NO;
				SWIFT_VERSION = 5.0;
				TARGETED_DEVICE_FAMILY = "1,2";
				TEST_HOST = "$(BUILT_PRODUCTS_DIR)/SwiftChallenge.app/$(BUNDLE_EXECUTABLE_FOLDER_PATH)/SwiftChallenge";
			};
			name = Release;
		};
		1D8F38742B256A3F003B99E7 /* Debug */ = {
			isa = XCBuildConfiguration;
			buildSettings = {
				ALWAYS_EMBED_SWIFT_STANDARD_LIBRARIES = YES;
				CODE_SIGN_STYLE = Automatic;
				CURRENT_PROJECT_VERSION = 1;
				GENERATE_INFOPLIST_FILE = YES;
				MARKETING_VERSION = 1.0;
				PRODUCT_BUNDLE_IDENTIFIER = com.kakutagawa.SwiftChallenge1UITests;
				PRODUCT_NAME = "$(TARGET_NAME)";
				SWIFT_EMIT_LOC_STRINGS = NO;
				SWIFT_VERSION = 5.0;
				TARGETED_DEVICE_FAMILY = "1,2";
				TEST_TARGET_NAME = SwiftChallenge1;
			};
			name = Debug;
		};
		1D8F38752B256A3F003B99E7 /* Release */ = {
			isa = XCBuildConfiguration;
			buildSettings = {
				ALWAYS_EMBED_SWIFT_STANDARD_LIBRARIES = YES;
				CODE_SIGN_STYLE = Automatic;
				CURRENT_PROJECT_VERSION = 1;
				GENERATE_INFOPLIST_FILE = YES;
				MARKETING_VERSION = 1.0;
				PRODUCT_BUNDLE_IDENTIFIER = com.kakutagawa.SwiftChallenge1UITests;
				PRODUCT_NAME = "$(TARGET_NAME)";
				SWIFT_EMIT_LOC_STRINGS = NO;
				SWIFT_VERSION = 5.0;
				TARGETED_DEVICE_FAMILY = "1,2";
				TEST_TARGET_NAME = SwiftChallenge1;
			};
			name = Release;
		};
/* End XCBuildConfiguration section */

/* Begin XCConfigurationList section */
		1D8F38442B256A3C003B99E7 /* Build configuration list for PBXProject "SwiftChallenge" */ = {
			isa = XCConfigurationList;
			buildConfigurations = (
				1D8F386B2B256A3F003B99E7 /* Debug */,
				1D8F386C2B256A3F003B99E7 /* Release */,
			);
			defaultConfigurationIsVisible = 0;
			defaultConfigurationName = Release;
		};
		1D8F386D2B256A3F003B99E7 /* Build configuration list for PBXNativeTarget "SwiftChallenge" */ = {
			isa = XCConfigurationList;
			buildConfigurations = (
				1D8F386E2B256A3F003B99E7 /* Debug */,
				1D8F386F2B256A3F003B99E7 /* Release */,
			);
			defaultConfigurationIsVisible = 0;
			defaultConfigurationName = Release;
		};
		1D8F38702B256A3F003B99E7 /* Build configuration list for PBXNativeTarget "SwiftChallengeTests" */ = {
			isa = XCConfigurationList;
			buildConfigurations = (
				1D8F38712B256A3F003B99E7 /* Debug */,
				1D8F38722B256A3F003B99E7 /* Release */,
			);
			defaultConfigurationIsVisible = 0;
			defaultConfigurationName = Release;
		};
		1D8F38732B256A3F003B99E7 /* Build configuration list for PBXNativeTarget "SwiftChallengeUITests" */ = {
			isa = XCConfigurationList;
			buildConfigurations = (
				1D8F38742B256A3F003B99E7 /* Debug */,
				1D8F38752B256A3F003B99E7 /* Release */,
			);
			defaultConfigurationIsVisible = 0;
			defaultConfigurationName = Release;
		};
/* End XCConfigurationList section */
	};
	rootObject = 1D8F38412B256A3C003B99E7 /* Project object */;
}
